
Microsoft Visual Studio Solution File, Format Version 12.00
Project("{2150E333-8FDC-42A3-9474-1A3956D46DE8}") = "Solution Items", "Solution Items", "{1B556BEB-CCC2-482D-93E2-E15715FD3A85}"
	ProjectSection(SolutionItems) = preProject
		.gitignore = .gitignore
		global.json = global.json
		.editorconfig = .editorconfig
		Directory.Build.props = Directory.Build.props
		Directory.Packages.props = Directory.Packages.props
		.github\renovate.json = .github\renovate.json
		.gitattributes = .gitattributes
		LICENSE.txt = LICENSE.txt
		nuget.config = nuget.config
		README.md = README.md
	EndProjectSection
EndProject
Project("{2150E333-8FDC-42A3-9474-1A3956D46DE8}") = "src", "src", "{629FB37A-2978-4CE3-8061-9E9BB3DFCF7D}"
	ProjectSection(SolutionItems) = preProject
		src\Directory.Build.props = src\Directory.Build.props
	EndProjectSection
EndProject
Project("{2150E333-8FDC-42A3-9474-1A3956D46DE8}") = "tests", "tests", "{BB267797-D547-4373-8BE0-190D69284C97}"
	ProjectSection(SolutionItems) = preProject
		tests\Directory.Build.props = tests\Directory.Build.props
	EndProjectSection
EndProject
Project("{FAE04EC0-301F-11D3-BF4B-00C04F79EFBC}") = "TShort.Web", "src\TShort.Web\TShort.Web.csproj", "{87AC943B-C324-46A5-A8BC-0E659416232B}"
EndProject
Project("{FAE04EC0-301F-11D3-BF4B-00C04F79EFBC}") = "TShort.Api", "src\TShort.Api\TShort.Api.csproj", "{62567192-0327-401D-ABB7-59AD602DF0FF}"
EndProject
Project("{FAE04EC0-301F-11D3-BF4B-00C04F79EFBC}") = "TShort.Contracts", "src\TShort.Contracts\TShort.Contracts.csproj", "{73F8608D-E45E-4B06-80C7-C9F6274A0FAC}"
EndProject
Project("{FAE04EC0-301F-11D3-BF4B-00C04F79EFBC}") = "TShort.Api.Tests.Integration", "tests\TShort.Api.Tests.Integration\TShort.Api.Tests.Integration.csproj", "{FCC8A43C-4DF6-47D1-8CC5-0A1DA31B966E}"
EndProject
Project("{2150E333-8FDC-42A3-9474-1A3956D46DE8}") = "github-actions", "github-actions", "{4FE2C85F-C459-4A61-8C4C-FF7A85E09514}"
	ProjectSection(SolutionItems) = preProject
		.github\workflows\build.yml = .github\workflows\build.yml
		.github\workflows\deploy-production.yml = .github\workflows\deploy-production.yml
		.github\workflows\deploy-shared-and-staging.yml = .github\workflows\deploy-shared-and-staging.yml
		.github\workflows\terraform-plan.yml = .github\workflows\terraform-plan.yml
	EndProjectSection
EndProject
Project("{FAE04EC0-301F-11D3-BF4B-00C04F79EFBC}") = "TShort.AppHost", "src\TShort.AppHost\TShort.AppHost.csproj", "{5442BDBC-6748-405F-B757-CE8AAF8D834D}"
EndProject
Project("{FAE04EC0-301F-11D3-BF4B-00C04F79EFBC}") = "TShort.ServiceDefaults", "src\TShort.ServiceDefaults\TShort.ServiceDefaults.csproj", "{32778015-0BE2-4DA3-A238-4F2DEFA97FBA}"
EndProject
Global
	GlobalSection(SolutionConfigurationPlatforms) = preSolution
		Debug|Any CPU = Debug|Any CPU
		Release|Any CPU = Release|Any CPU
	EndGlobalSection
	GlobalSection(NestedProjects) = preSolution
		{87AC943B-C324-46A5-A8BC-0E659416232B} = {629FB37A-2978-4CE3-8061-9E9BB3DFCF7D}
		{62567192-0327-401D-ABB7-59AD602DF0FF} = {629FB37A-2978-4CE3-8061-9E9BB3DFCF7D}
		{73F8608D-E45E-4B06-80C7-C9F6274A0FAC} = {629FB37A-2978-4CE3-8061-9E9BB3DFCF7D}
		{FCC8A43C-4DF6-47D1-8CC5-0A1DA31B966E} = {BB267797-D547-4373-8BE0-190D69284C97}
		{4FE2C85F-C459-4A61-8C4C-FF7A85E09514} = {1B556BEB-CCC2-482D-93E2-E15715FD3A85}
		{5442BDBC-6748-405F-B757-CE8AAF8D834D} = {629FB37A-2978-4CE3-8061-9E9BB3DFCF7D}
		{32778015-0BE2-4DA3-A238-4F2DEFA97FBA} = {629FB37A-2978-4CE3-8061-9E9BB3DFCF7D}
	EndGlobalSection
	GlobalSection(ProjectConfigurationPlatforms) = postSolution
		{87AC943B-C324-46A5-A8BC-0E659416232B}.Debug|Any CPU.ActiveCfg = Debug|Any CPU
		{87AC943B-C324-46A5-A8BC-0E659416232B}.Debug|Any CPU.Build.0 = Debug|Any CPU
		{87AC943B-C324-46A5-A8BC-0E659416232B}.Release|Any CPU.ActiveCfg = Release|Any CPU
		{87AC943B-C324-46A5-A8BC-0E659416232B}.Release|Any CPU.Build.0 = Release|Any CPU
		{62567192-0327-401D-ABB7-59AD602DF0FF}.Debug|Any CPU.ActiveCfg = Debug|Any CPU
		{62567192-0327-401D-ABB7-59AD602DF0FF}.Debug|Any CPU.Build.0 = Debug|Any CPU
		{62567192-0327-401D-ABB7-59AD602DF0FF}.Release|Any CPU.ActiveCfg = Release|Any CPU
		{62567192-0327-401D-ABB7-59AD602DF0FF}.Release|Any CPU.Build.0 = Release|Any CPU
		{73F8608D-E45E-4B06-80C7-C9F6274A0FAC}.Debug|Any CPU.ActiveCfg = Debug|Any CPU
		{73F8608D-E45E-4B06-80C7-C9F6274A0FAC}.Debug|Any CPU.Build.0 = Debug|Any CPU
		{73F8608D-E45E-4B06-80C7-C9F6274A0FAC}.Release|Any CPU.ActiveCfg = Release|Any CPU
		{73F8608D-E45E-4B06-80C7-C9F6274A0FAC}.Release|Any CPU.Build.0 = Release|Any CPU
		{FCC8A43C-4DF6-47D1-8CC5-0A1DA31B966E}.Debug|Any CPU.ActiveCfg = Debug|Any CPU
		{FCC8A43C-4DF6-47D1-8CC5-0A1DA31B966E}.Debug|Any CPU.Build.0 = Debug|Any CPU
		{FCC8A43C-4DF6-47D1-8CC5-0A1DA31B966E}.Release|Any CPU.ActiveCfg = Release|Any CPU
		{FCC8A43C-4DF6-47D1-8CC5-0A1DA31B966E}.Release|Any CPU.Build.0 = Release|Any CPU
		{5442BDBC-6748-405F-B757-CE8AAF8D834D}.Debug|Any CPU.ActiveCfg = Debug|Any CPU
		{5442BDBC-6748-405F-B757-CE8AAF8D834D}.Debug|Any CPU.Build.0 = Debug|Any CPU
		{5442BDBC-6748-405F-B757-CE8AAF8D834D}.Release|Any CPU.ActiveCfg = Release|Any CPU
		{5442BDBC-6748-405F-B757-CE8AAF8D834D}.Release|Any CPU.Build.0 = Release|Any CPU
		{32778015-0BE2-4DA3-A238-4F2DEFA97FBA}.Debug|Any CPU.ActiveCfg = Debug|Any CPU
		{32778015-0BE2-4DA3-A238-4F2DEFA97FBA}.Debug|Any CPU.Build.0 = Debug|Any CPU
		{32778015-0BE2-4DA3-A238-4F2DEFA97FBA}.Release|Any CPU.ActiveCfg = Release|Any CPU
		{32778015-0BE2-4DA3-A238-4F2DEFA97FBA}.Release|Any CPU.Build.0 = Release|Any CPU
	EndGlobalSection
EndGlobal
